
Microsoft Visual Studio Solution File, Format Version 12.00
# Visual Studio 14
VisualStudioVersion = 14.0.25420.1
MinimumVisualStudioVersion = 10.0.40219.1
Project("{FAE04EC0-301F-11D3-BF4B-00C04F79EFBC}") = "01.Instruction Set", "01.Instruction Set\01.Instruction Set.csproj", "{299C3ABD-E5BA-402B-B319-FC30B71C036B}"
EndProject
Project("{FAE04EC0-301F-11D3-BF4B-00C04F79EFBC}") = "02.BePositive", "02.BePositive\02.BePositive.csproj", "{D06C8053-B593-4FAE-A1A0-229EAD00E229}"
EndProject
Project("{FAE04EC0-301F-11D3-BF4B-00C04F79EFBC}") = "03.SequenceOfCommands", "03.SequenceOfCommands\03.SequenceOfCommands.csproj", "{BBFBF6A2-03C1-413B-81D3-802F78F1242F}"
EndProject
Project("{FAE04EC0-301F-11D3-BF4B-00C04F79EFBC}") = "04.Substring", "04.Substring\04.Substring.csproj", "{2DAEFCB5-976D-4194-8B18-3DE702DAE12C}"
EndProject
Global
	GlobalSection(SolutionConfigurationPlatforms) = preSolution
		Debug|Any CPU = Debug|Any CPU
		Release|Any CPU = Release|Any CPU
	EndGlobalSection
	GlobalSection(ProjectConfigurationPlatforms) = postSolution
		{299C3ABD-E5BA-402B-B319-FC30B71C036B}.Debug|Any CPU.ActiveCfg = Debug|Any CPU
		{299C3ABD-E5BA-402B-B319-FC30B71C036B}.Debug|Any CPU.Build.0 = Debug|Any CPU
		{299C3ABD-E5BA-402B-B319-FC30B71C036B}.Release|Any CPU.ActiveCfg = Release|Any CPU
		{299C3ABD-E5BA-402B-B319-FC30B71C036B}.Release|Any CPU.Build.0 = Release|Any CPU
		{D06C8053-B593-4FAE-A1A0-229EAD00E229}.Debug|Any CPU.ActiveCfg = Debug|Any CPU
		{D06C8053-B593-4FAE-A1A0-229EAD00E229}.Debug|Any CPU.Build.0 = Debug|Any CPU
		{D06C8053-B593-4FAE-A1A0-229EAD00E229}.Release|Any CPU.ActiveCfg = Release|Any CPU
		{D06C8053-B593-4FAE-A1A0-229EAD00E229}.Release|Any CPU.Build.0 = Release|Any CPU
		{BBFBF6A2-03C1-413B-81D3-802F78F1242F}.Debug|Any CPU.ActiveCfg = Debug|Any CPU
		{BBFBF6A2-03C1-413B-81D3-802F78F1242F}.Debug|Any CPU.Build.0 = Debug|Any CPU
		{BBFBF6A2-03C1-413B-81D3-802F78F1242F}.Release|Any CPU.ActiveCfg = Release|Any CPU
		{BBFBF6A2-03C1-413B-81D3-802F78F1242F}.Release|Any CPU.Build.0 = Release|Any CPU
		{2DAEFCB5-976D-4194-8B18-3DE702DAE12C}.Debug|Any CPU.ActiveCfg = Debug|Any CPU
		{2DAEFCB5-976D-4194-8B18-3DE702DAE12C}.Debug|Any CPU.Build.0 = Debug|Any CPU
		{2DAEFCB5-976D-4194-8B18-3DE702DAE12C}.Release|Any CPU.ActiveCfg = Release|Any CPU
		{2DAEFCB5-976D-4194-8B18-3DE702DAE12C}.Release|Any CPU.Build.0 = Release|Any CPU
	EndGlobalSection
	GlobalSection(SolutionProperties) = preSolution
		HideSolutionNode = FALSE
	EndGlobalSection
EndGlobal
